// !$*UTF8*$!
{
	archiveVersion = 1;
	classes = {
	};
	objectVersion = 56;
	objects = {

/* Begin PBXBuildFile section */
		2E6B49B32ABE266A00DB149B /* ListViewController.swift in Sources */ = {isa = PBXBuildFile; fileRef = 2E6B49B22ABE266A00DB149B /* ListViewController.swift */; };
		2ECC58642AC4C249009BF6DD /* ListModel.swift in Sources */ = {isa = PBXBuildFile; fileRef = 2ECC58632AC4C249009BF6DD /* ListModel.swift */; };
		2ECC58662AC5A2F7009BF6DD /* CustomCell.swift in Sources */ = {isa = PBXBuildFile; fileRef = 2ECC58652AC5A2F7009BF6DD /* CustomCell.swift */; };
		2ECC586E2AC61523009BF6DD /* ListViewModel.swift in Sources */ = {isa = PBXBuildFile; fileRef = 2ECC586D2AC61523009BF6DD /* ListViewModel.swift */; };
		318640A02ACCDB75007E6B43 /* Localizable.xcstrings in Resources */ = {isa = PBXBuildFile; fileRef = 3186409E2ACCDB75007E6B43 /* Localizable.xcstrings */; };
		318640A12ACCDB75007E6B43 /* EnumLocalization.swift in Sources */ = {isa = PBXBuildFile; fileRef = 3186409F2ACCDB75007E6B43 /* EnumLocalization.swift */; };
		318640A72ACCE0AD007E6B43 /* EditTaskView.swift in Sources */ = {isa = PBXBuildFile; fileRef = 318640A42ACCE0AD007E6B43 /* EditTaskView.swift */; };
		318640A82ACCE0AD007E6B43 /* EditTaskViewController.swift in Sources */ = {isa = PBXBuildFile; fileRef = 318640A52ACCE0AD007E6B43 /* EditTaskViewController.swift */; };
		318640A92ACCE0AD007E6B43 /* EditTaskViewModel.swift in Sources */ = {isa = PBXBuildFile; fileRef = 318640A62ACCE0AD007E6B43 /* EditTaskViewModel.swift */; };
		31A569092AC4B06400DBBEB1 /* AddDogView.swift in Sources */ = {isa = PBXBuildFile; fileRef = 31A569082AC4B06400DBBEB1 /* AddDogView.swift */; };
		31B21E7C2ABE059A0096F1AB /* AppDelegate.swift in Sources */ = {isa = PBXBuildFile; fileRef = 31B21E7B2ABE059A0096F1AB /* AppDelegate.swift */; };
		31B21E7E2ABE059A0096F1AB /* SceneDelegate.swift in Sources */ = {isa = PBXBuildFile; fileRef = 31B21E7D2ABE059A0096F1AB /* SceneDelegate.swift */; };
		31B21E852ABE059B0096F1AB /* Assets.xcassets in Resources */ = {isa = PBXBuildFile; fileRef = 31B21E842ABE059B0096F1AB /* Assets.xcassets */; };
		31B21E882ABE059B0096F1AB /* LaunchScreen.storyboard in Resources */ = {isa = PBXBuildFile; fileRef = 31B21E862ABE059B0096F1AB /* LaunchScreen.storyboard */; };
		31C2C5342AC762F200276D67 /* TasksManager.swift in Sources */ = {isa = PBXBuildFile; fileRef = 31C2C5332AC762F200276D67 /* TasksManager.swift */; };
		31C2C5382AC7667800276D67 /* HapticsManager.swift in Sources */ = {isa = PBXBuildFile; fileRef = 31C2C5372AC7667800276D67 /* HapticsManager.swift */; };
		31D1B8342AC4578700EE0C69 /* AddDogViewController.swift in Sources */ = {isa = PBXBuildFile; fileRef = 31D1B8332AC4578700EE0C69 /* AddDogViewController.swift */; };
		31D1B8362AC4579200EE0C69 /* AddDogViewVM.swift in Sources */ = {isa = PBXBuildFile; fileRef = 31D1B8352AC4579200EE0C69 /* AddDogViewVM.swift */; };
		31E9E45A2AC222EB00AECCEB /* AppModel.xcdatamodeld in Sources */ = {isa = PBXBuildFile; fileRef = 31E9E4582AC222EB00AECCEB /* AppModel.xcdatamodeld */; };
		31E9E45C2AC2242C00AECCEB /* DogManager.swift in Sources */ = {isa = PBXBuildFile; fileRef = 31E9E45B2AC2242C00AECCEB /* DogManager.swift */; };

		553BDD9D2AC4C38900CAF483 /* DayViewState.swift in Sources */ = {isa = PBXBuildFile; fileRef = 553BDD9C2AC4C38900CAF483 /* DayViewState.swift */; };
		553BDD9F2AC4C3C300CAF483 /* DayViewController.swift in Sources */ = {isa = PBXBuildFile; fileRef = 553BDD9E2AC4C3C300CAF483 /* DayViewController.swift */; };
		553BDDA12AC4C3EC00CAF483 /* DayView.swift in Sources */ = {isa = PBXBuildFile; fileRef = 553BDDA02AC4C3EC00CAF483 /* DayView.swift */; };
		553BDDA32AC4C40900CAF483 /* CalendarStyle.swift in Sources */ = {isa = PBXBuildFile; fileRef = 553BDDA22AC4C40900CAF483 /* CalendarStyle.swift */; };
		553BDDA62AC4C45500CAF483 /* UIColor+SystemColors.swift in Sources */ = {isa = PBXBuildFile; fileRef = 553BDDA52AC4C45500CAF483 /* UIColor+SystemColors.swift */; };
		553BDDA82AC4C4A500CAF483 /* Date+DateOnly.swift in Sources */ = {isa = PBXBuildFile; fileRef = 553BDDA72AC4C4A500CAF483 /* Date+DateOnly.swift */; };
		553BDDAA2AC4C4C800CAF483 /* Array+Shift.swift in Sources */ = {isa = PBXBuildFile; fileRef = 553BDDA92AC4C4C800CAF483 /* Array+Shift.swift */; };
		553BDDAE2AC4C50600CAF483 /* DateLabel.swift in Sources */ = {isa = PBXBuildFile; fileRef = 553BDDAD2AC4C50600CAF483 /* DateLabel.swift */; };
		553BDDB02AC4C53100CAF483 /* DayDateCell.swift in Sources */ = {isa = PBXBuildFile; fileRef = 553BDDAF2AC4C53100CAF483 /* DayDateCell.swift */; };
		553BDDB22AC4C55400CAF483 /* DaySelector.swift in Sources */ = {isa = PBXBuildFile; fileRef = 553BDDB12AC4C55400CAF483 /* DaySelector.swift */; };
		553BDDB42AC4C58700CAF483 /* DaySelectorController.swift in Sources */ = {isa = PBXBuildFile; fileRef = 553BDDB32AC4C58700CAF483 /* DaySelectorController.swift */; };
		553BDDB62AC4C5AE00CAF483 /* DaySymbolsView.swift in Sources */ = {isa = PBXBuildFile; fileRef = 553BDDB52AC4C5AE00CAF483 /* DaySymbolsView.swift */; };
		553BDDB82AC4C5D600CAF483 /* DayHeaderView.swift in Sources */ = {isa = PBXBuildFile; fileRef = 553BDDB72AC4C5D600CAF483 /* DayHeaderView.swift */; };
		553BDDBA2AC4C5FD00CAF483 /* SwipeLabelView.swift in Sources */ = {isa = PBXBuildFile; fileRef = 553BDDB92AC4C5FD00CAF483 /* SwipeLabelView.swift */; };


		D3622D002AC76B220063FAAE /* AddTaskView.swift in Sources */ = {isa = PBXBuildFile; fileRef = D3622CFF2AC76B220063FAAE /* AddTaskView.swift */; };
		D3622D022AC76B2F0063FAAE /* AddTaskViewModel.swift in Sources */ = {isa = PBXBuildFile; fileRef = D3622D012AC76B2F0063FAAE /* AddTaskViewModel.swift */; };
		D3622D042AC76C2B0063FAAE /* AddTaskViewController.swift in Sources */ = {isa = PBXBuildFile; fileRef = D3622D032AC76C2B0063FAAE /* AddTaskViewController.swift */; };
		D3622D062AC8A4F20063FAAE /* iconPicker.swift in Sources */ = {isa = PBXBuildFile; fileRef = D3622D052AC8A4F20063FAAE /* iconPicker.swift */; };
	


		55ECACC52AC5F8D2002879D1 /* CheckboxView.swift in Sources */ = {isa = PBXBuildFile; fileRef = 55ECACC42AC5F8D2002879D1 /* CheckboxView.swift */; };
		55ECACC72AC5F8FD002879D1 /* CustomTaskCell.swift in Sources */ = {isa = PBXBuildFile; fileRef = 55ECACC62AC5F8FD002879D1 /* CustomTaskCell.swift */; };
		55ECACCA2AC5F931002879D1 /* HomeView.swift in Sources */ = {isa = PBXBuildFile; fileRef = 55ECACC92AC5F931002879D1 /* HomeView.swift */; };
		55ECACCC2AC5F942002879D1 /* HomeViewController.swift in Sources */ = {isa = PBXBuildFile; fileRef = 55ECACCB2AC5F942002879D1 /* HomeViewController.swift */; };
		55ECACCE2AC5F94D002879D1 /* HomeViewModel.swift in Sources */ = {isa = PBXBuildFile; fileRef = 55ECACCD2AC5F94D002879D1 /* HomeViewModel.swift */; };
		55ECACD12AC5F9D7002879D1 /* EditTaskModalView.swift in Sources */ = {isa = PBXBuildFile; fileRef = 55ECACD02AC5F9D7002879D1 /* EditTaskModalView.swift */; };
		55ECACD32AC5F9EC002879D1 /* EditTaskModalViewController.swift in Sources */ = {isa = PBXBuildFile; fileRef = 55ECACD22AC5F9EC002879D1 /* EditTaskModalViewController.swift */; };
		55ECACD52AC5F9F7002879D1 /* EditTaskModalViewModel.swift in Sources */ = {isa = PBXBuildFile; fileRef = 55ECACD42AC5F9F7002879D1 /* EditTaskModalViewModel.swift */; };

/* End PBXBuildFile section */

/* Begin PBXFileReference section */
		2E6B49B22ABE266A00DB149B /* ListViewController.swift */ = {isa = PBXFileReference; lastKnownFileType = sourcecode.swift; path = ListViewController.swift; sourceTree = "<group>"; };
		2ECC58632AC4C249009BF6DD /* ListModel.swift */ = {isa = PBXFileReference; lastKnownFileType = sourcecode.swift; path = ListModel.swift; sourceTree = "<group>"; };
		2ECC58652AC5A2F7009BF6DD /* CustomCell.swift */ = {isa = PBXFileReference; lastKnownFileType = sourcecode.swift; path = CustomCell.swift; sourceTree = "<group>"; };
		2ECC586D2AC61523009BF6DD /* ListViewModel.swift */ = {isa = PBXFileReference; lastKnownFileType = sourcecode.swift; path = ListViewModel.swift; sourceTree = "<group>"; };
		3186409E2ACCDB75007E6B43 /* Localizable.xcstrings */ = {isa = PBXFileReference; fileEncoding = 4; lastKnownFileType = text.json.xcstrings; path = Localizable.xcstrings; sourceTree = "<group>"; };
		3186409F2ACCDB75007E6B43 /* EnumLocalization.swift */ = {isa = PBXFileReference; fileEncoding = 4; lastKnownFileType = sourcecode.swift; path = EnumLocalization.swift; sourceTree = "<group>"; };
		318640A42ACCE0AD007E6B43 /* EditTaskView.swift */ = {isa = PBXFileReference; fileEncoding = 4; lastKnownFileType = sourcecode.swift; path = EditTaskView.swift; sourceTree = "<group>"; };
		318640A52ACCE0AD007E6B43 /* EditTaskViewController.swift */ = {isa = PBXFileReference; fileEncoding = 4; lastKnownFileType = sourcecode.swift; path = EditTaskViewController.swift; sourceTree = "<group>"; };
		318640A62ACCE0AD007E6B43 /* EditTaskViewModel.swift */ = {isa = PBXFileReference; fileEncoding = 4; lastKnownFileType = sourcecode.swift; path = EditTaskViewModel.swift; sourceTree = "<group>"; };
		31A569082AC4B06400DBBEB1 /* AddDogView.swift */ = {isa = PBXFileReference; lastKnownFileType = sourcecode.swift; path = AddDogView.swift; sourceTree = "<group>"; };
		31B21E782ABE059A0096F1AB /* Mini02-Grupo09.app */ = {isa = PBXFileReference; explicitFileType = wrapper.application; includeInIndex = 0; path = "Mini02-Grupo09.app"; sourceTree = BUILT_PRODUCTS_DIR; };
		31B21E7B2ABE059A0096F1AB /* AppDelegate.swift */ = {isa = PBXFileReference; lastKnownFileType = sourcecode.swift; path = AppDelegate.swift; sourceTree = "<group>"; };
		31B21E7D2ABE059A0096F1AB /* SceneDelegate.swift */ = {isa = PBXFileReference; lastKnownFileType = sourcecode.swift; path = SceneDelegate.swift; sourceTree = "<group>"; };
		31B21E842ABE059B0096F1AB /* Assets.xcassets */ = {isa = PBXFileReference; lastKnownFileType = folder.assetcatalog; path = Assets.xcassets; sourceTree = "<group>"; };
		31B21E872ABE059B0096F1AB /* Base */ = {isa = PBXFileReference; lastKnownFileType = file.storyboard; name = Base; path = Base.lproj/LaunchScreen.storyboard; sourceTree = "<group>"; };
		31B21E892ABE059B0096F1AB /* Info.plist */ = {isa = PBXFileReference; lastKnownFileType = text.plist.xml; path = Info.plist; sourceTree = "<group>"; };
		31C2C5332AC762F200276D67 /* TasksManager.swift */ = {isa = PBXFileReference; lastKnownFileType = sourcecode.swift; path = TasksManager.swift; sourceTree = "<group>"; };
		31C2C5372AC7667800276D67 /* HapticsManager.swift */ = {isa = PBXFileReference; lastKnownFileType = sourcecode.swift; path = HapticsManager.swift; sourceTree = "<group>"; };
		31D1B8332AC4578700EE0C69 /* AddDogViewController.swift */ = {isa = PBXFileReference; lastKnownFileType = sourcecode.swift; path = AddDogViewController.swift; sourceTree = "<group>"; };
		31D1B8352AC4579200EE0C69 /* AddDogViewVM.swift */ = {isa = PBXFileReference; lastKnownFileType = sourcecode.swift; path = AddDogViewVM.swift; sourceTree = "<group>"; };
		31E9E4592AC222EB00AECCEB /* DogModel.xcdatamodel */ = {isa = PBXFileReference; lastKnownFileType = wrapper.xcdatamodel; path = DogModel.xcdatamodel; sourceTree = "<group>"; };
		31E9E45B2AC2242C00AECCEB /* DogManager.swift */ = {isa = PBXFileReference; lastKnownFileType = sourcecode.swift; path = DogManager.swift; sourceTree = "<group>"; };

		553BDD9C2AC4C38900CAF483 /* DayViewState.swift */ = {isa = PBXFileReference; lastKnownFileType = sourcecode.swift; path = DayViewState.swift; sourceTree = "<group>"; };
		553BDD9E2AC4C3C300CAF483 /* DayViewController.swift */ = {isa = PBXFileReference; lastKnownFileType = sourcecode.swift; path = DayViewController.swift; sourceTree = "<group>"; };
		553BDDA02AC4C3EC00CAF483 /* DayView.swift */ = {isa = PBXFileReference; lastKnownFileType = sourcecode.swift; path = DayView.swift; sourceTree = "<group>"; };
		553BDDA22AC4C40900CAF483 /* CalendarStyle.swift */ = {isa = PBXFileReference; lastKnownFileType = sourcecode.swift; path = CalendarStyle.swift; sourceTree = "<group>"; };
		553BDDA52AC4C45500CAF483 /* UIColor+SystemColors.swift */ = {isa = PBXFileReference; lastKnownFileType = sourcecode.swift; path = "UIColor+SystemColors.swift"; sourceTree = "<group>"; };
		553BDDA72AC4C4A500CAF483 /* Date+DateOnly.swift */ = {isa = PBXFileReference; lastKnownFileType = sourcecode.swift; path = "Date+DateOnly.swift"; sourceTree = "<group>"; };
		553BDDA92AC4C4C800CAF483 /* Array+Shift.swift */ = {isa = PBXFileReference; lastKnownFileType = sourcecode.swift; path = "Array+Shift.swift"; sourceTree = "<group>"; };
		553BDDAD2AC4C50600CAF483 /* DateLabel.swift */ = {isa = PBXFileReference; lastKnownFileType = sourcecode.swift; path = DateLabel.swift; sourceTree = "<group>"; };
		553BDDAF2AC4C53100CAF483 /* DayDateCell.swift */ = {isa = PBXFileReference; lastKnownFileType = sourcecode.swift; path = DayDateCell.swift; sourceTree = "<group>"; };
		553BDDB12AC4C55400CAF483 /* DaySelector.swift */ = {isa = PBXFileReference; lastKnownFileType = sourcecode.swift; path = DaySelector.swift; sourceTree = "<group>"; };
		553BDDB32AC4C58700CAF483 /* DaySelectorController.swift */ = {isa = PBXFileReference; lastKnownFileType = sourcecode.swift; path = DaySelectorController.swift; sourceTree = "<group>"; };
		553BDDB52AC4C5AE00CAF483 /* DaySymbolsView.swift */ = {isa = PBXFileReference; lastKnownFileType = sourcecode.swift; path = DaySymbolsView.swift; sourceTree = "<group>"; };
		553BDDB72AC4C5D600CAF483 /* DayHeaderView.swift */ = {isa = PBXFileReference; lastKnownFileType = sourcecode.swift; path = DayHeaderView.swift; sourceTree = "<group>"; };
		553BDDB92AC4C5FD00CAF483 /* SwipeLabelView.swift */ = {isa = PBXFileReference; lastKnownFileType = sourcecode.swift; path = SwipeLabelView.swift; sourceTree = "<group>"; };



		D3622CFF2AC76B220063FAAE /* AddTaskView.swift */ = {isa = PBXFileReference; lastKnownFileType = sourcecode.swift; path = AddTaskView.swift; sourceTree = "<group>"; };
		D3622D012AC76B2F0063FAAE /* AddTaskViewModel.swift */ = {isa = PBXFileReference; lastKnownFileType = sourcecode.swift; path = AddTaskViewModel.swift; sourceTree = "<group>"; };
		D3622D032AC76C2B0063FAAE /* AddTaskViewController.swift */ = {isa = PBXFileReference; lastKnownFileType = sourcecode.swift; path = AddTaskViewController.swift; sourceTree = "<group>"; };
		D3622D052AC8A4F20063FAAE /* iconPicker.swift */ = {isa = PBXFileReference; lastKnownFileType = sourcecode.swift; path = iconPicker.swift; sourceTree = "<group>"; };
		
		
		55ECACC42AC5F8D2002879D1 /* CheckboxView.swift */ = {isa = PBXFileReference; lastKnownFileType = sourcecode.swift; path = CheckboxView.swift; sourceTree = "<group>"; };
		55ECACC62AC5F8FD002879D1 /* CustomTaskCell.swift */ = {isa = PBXFileReference; lastKnownFileType = sourcecode.swift; path = CustomTaskCell.swift; sourceTree = "<group>"; };
		55ECACC92AC5F931002879D1 /* HomeView.swift */ = {isa = PBXFileReference; lastKnownFileType = sourcecode.swift; path = HomeView.swift; sourceTree = "<group>"; };
		55ECACCB2AC5F942002879D1 /* HomeViewController.swift */ = {isa = PBXFileReference; lastKnownFileType = sourcecode.swift; path = HomeViewController.swift; sourceTree = "<group>"; };
		55ECACCD2AC5F94D002879D1 /* HomeViewModel.swift */ = {isa = PBXFileReference; lastKnownFileType = sourcecode.swift; path = HomeViewModel.swift; sourceTree = "<group>"; };
		55ECACD02AC5F9D7002879D1 /* EditTaskModalView.swift */ = {isa = PBXFileReference; lastKnownFileType = sourcecode.swift; path = EditTaskModalView.swift; sourceTree = "<group>"; };
		55ECACD22AC5F9EC002879D1 /* EditTaskModalViewController.swift */ = {isa = PBXFileReference; lastKnownFileType = sourcecode.swift; path = EditTaskModalViewController.swift; sourceTree = "<group>"; };
		55ECACD42AC5F9F7002879D1 /* EditTaskModalViewModel.swift */ = {isa = PBXFileReference; lastKnownFileType = sourcecode.swift; path = EditTaskModalViewModel.swift; sourceTree = "<group>"; };

/* End PBXFileReference section */

/* Begin PBXFrameworksBuildPhase section */
		31B21E752ABE059A0096F1AB /* Frameworks */ = {
			isa = PBXFrameworksBuildPhase;
			buildActionMask = 2147483647;
			files = (
			);
			runOnlyForDeploymentPostprocessing = 0;
		};
/* End PBXFrameworksBuildPhase section */

/* Begin PBXGroup section */
		2E6B49B62AC219A300DB149B /* ListPet */ = {
			isa = PBXGroup;
			children = (
				2E6B49B22ABE266A00DB149B /* ListViewController.swift */,
				2ECC586D2AC61523009BF6DD /* ListViewModel.swift */,
				2ECC58632AC4C249009BF6DD /* ListModel.swift */,
				2ECC58702ACB4164009BF6DD /* Components */,
			);
			path = ListPet;
			sourceTree = "<group>";
		};
		2ECC58702ACB4164009BF6DD /* Components */ = {
			isa = PBXGroup;
			children = (
				2ECC58652AC5A2F7009BF6DD /* CustomCell.swift */,
			);
			path = Components;
			sourceTree = "<group>";
		};
		318640A22ACCDB7C007E6B43 /* Localization */ = {
			isa = PBXGroup;
			children = (
				3186409F2ACCDB75007E6B43 /* EnumLocalization.swift */,
				3186409E2ACCDB75007E6B43 /* Localizable.xcstrings */,
			);
			name = Localization;
			sourceTree = "<group>";
		};
		318640A32ACCE067007E6B43 /* EditTask */ = {
			isa = PBXGroup;
			children = (
				318640A42ACCE0AD007E6B43 /* EditTaskView.swift */,
				318640A52ACCE0AD007E6B43 /* EditTaskViewController.swift */,
				318640A62ACCE0AD007E6B43 /* EditTaskViewModel.swift */,
			);
			path = EditTask;
			sourceTree = "<group>";
		};
		31B21E6F2ABE059A0096F1AB = {
			isa = PBXGroup;
			children = (
				31B21E7A2ABE059A0096F1AB /* Mini02-Grupo09 */,
				31B21E792ABE059A0096F1AB /* Products */,
			);
			sourceTree = "<group>";
		};
		31B21E792ABE059A0096F1AB /* Products */ = {
			isa = PBXGroup;
			children = (
				31B21E782ABE059A0096F1AB /* Mini02-Grupo09.app */,
			);
			name = Products;
			sourceTree = "<group>";
		};
		31B21E7A2ABE059A0096F1AB /* Mini02-Grupo09 */ = {
			isa = PBXGroup;
			children = (
				31B21E7B2ABE059A0096F1AB /* AppDelegate.swift */,
				31B21E7D2ABE059A0096F1AB /* SceneDelegate.swift */,

				31B21E7F2ABE059A0096F1AB /* FirstView.swift */,

				55ECACC32AC5F8B6002879D1 /* Home */,

				553BDD9B2AC4C35600CAF483 /* Calendar */,

				D3C5EC082AC5E573004FA716 /* Home */,
				


				D3622D0A2AC9DAF70063FAAE /* Home */,
				2E6B49B62AC219A300DB149B /* ListPet */,
				D3622CFC2AC74FA20063FAAE /* AddTaskView */,
				D3622D162AC9DC080063FAAE /* EditTaskModal */,
				318640A32ACCE067007E6B43 /* EditTask */,

				31D1B8372AC4579600EE0C69 /* Add Dog */,
				31E9E4572AC221D200AECCEB /* Model */,
				31C2C5352AC7664B00276D67 /* Utils */,
				31B21E842ABE059B0096F1AB /* Assets.xcassets */,
				31B21E862ABE059B0096F1AB /* LaunchScreen.storyboard */,
				31B21E892ABE059B0096F1AB /* Info.plist */,
			);
			path = "Mini02-Grupo09";
			sourceTree = "<group>";
		};
		31C2C5352AC7664B00276D67 /* Utils */ = {
			isa = PBXGroup;
			children = (
				31C2C5362AC7666700276D67 /* Haptics */,
			);
			name = Utils;
			sourceTree = "<group>";
		};
		31C2C5362AC7666700276D67 /* Haptics */ = {
			isa = PBXGroup;
			children = (
				31C2C5372AC7667800276D67 /* HapticsManager.swift */,
				318640A22ACCDB7C007E6B43 /* Localization */,
			);
			name = Haptics;
			sourceTree = "<group>";
		};
		31D1B8372AC4579600EE0C69 /* Add Dog */ = {
			isa = PBXGroup;
			children = (
				31D1B8332AC4578700EE0C69 /* AddDogViewController.swift */,
				31D1B8352AC4579200EE0C69 /* AddDogViewVM.swift */,
				31A569082AC4B06400DBBEB1 /* AddDogView.swift */,
			);
			name = "Add Dog";
			sourceTree = "<group>";
		};
		31E9E4572AC221D200AECCEB /* Model */ = {
			isa = PBXGroup;
			children = (
				31E9E4582AC222EB00AECCEB /* AppModel.xcdatamodeld */,
				31C2C5332AC762F200276D67 /* TasksManager.swift */,
				31E9E45B2AC2242C00AECCEB /* DogManager.swift */,
			);
			path = Model;
			sourceTree = "<group>";
		};


		553BDD9B2AC4C35600CAF483 /* Calendar */ = {
			isa = PBXGroup;
			children = (
				553BDDAB2AC4C4DD00CAF483 /* CalendarHeader */,
				553BDDA42AC4C43300CAF483 /* Extension */,
				553BDD9C2AC4C38900CAF483 /* DayViewState.swift */,
				553BDD9E2AC4C3C300CAF483 /* DayViewController.swift */,
				553BDDA02AC4C3EC00CAF483 /* DayView.swift */,
				553BDDA22AC4C40900CAF483 /* CalendarStyle.swift */,
			);
			name = Calendar;
			sourceTree = "<group>";
		};
		553BDDA42AC4C43300CAF483 /* Extension */ = {
			isa = PBXGroup;
			children = (
				553BDDA52AC4C45500CAF483 /* UIColor+SystemColors.swift */,
				553BDDA72AC4C4A500CAF483 /* Date+DateOnly.swift */,
				553BDDA92AC4C4C800CAF483 /* Array+Shift.swift */,
			);
			name = Extension;
			sourceTree = "<group>";
		};
		553BDDAB2AC4C4DD00CAF483 /* CalendarHeader */ = {
			isa = PBXGroup;
			children = (
				553BDDAC2AC4C4F400CAF483 /* DaySelector */,
				553BDDB52AC4C5AE00CAF483 /* DaySymbolsView.swift */,
				553BDDB72AC4C5D600CAF483 /* DayHeaderView.swift */,
				553BDDB92AC4C5FD00CAF483 /* SwipeLabelView.swift */,
			);
			name = CalendarHeader;
			sourceTree = "<group>";
		};
		553BDDAC2AC4C4F400CAF483 /* DaySelector */ = {
			isa = PBXGroup;
			children = (
				553BDDAD2AC4C50600CAF483 /* DateLabel.swift */,
				553BDDAF2AC4C53100CAF483 /* DayDateCell.swift */,
				553BDDB12AC4C55400CAF483 /* DaySelector.swift */,
				553BDDB32AC4C58700CAF483 /* DaySelectorController.swift */,
			);
			name = DaySelector;

		D3C5EC082AC5E573004FA716 /* Home */ = {

		D3622CFC2AC74FA20063FAAE /* AddTaskView */ = {

			isa = PBXGroup;
			children = (
				D3622CFF2AC76B220063FAAE /* AddTaskView.swift */,
				D3622D032AC76C2B0063FAAE /* AddTaskViewController.swift */,
				D3622D012AC76B2F0063FAAE /* AddTaskViewModel.swift */,
				D3622D072AC8A4F50063FAAE /* Components */,
			);
			path = AddTaskView;
			sourceTree = "<group>";
		};
		D3622D072AC8A4F50063FAAE /* Components */ = {
			isa = PBXGroup;
			children = (
				D3622D052AC8A4F20063FAAE /* iconPicker.swift */,
			);
			path = Components;
			sourceTree = "<group>";
		};
		D3622D0A2AC9DAF70063FAAE /* Home */ = {
			isa = PBXGroup;
			children = (
				D3622D0B2AC9DB180063FAAE /* HomeView.swift */,
				D3622D0D2AC9DB2E0063FAAE /* HomeViewController.swift */,
				D3622D0F2AC9DB400063FAAE /* HomeViewModel.swift */,
				D3622D112AC9DB4B0063FAAE /* Components */,
			);
			path = Home;
			sourceTree = "<group>";
		};
		D3622D112AC9DB4B0063FAAE /* Components */ = {
			isa = PBXGroup;
			children = (
				D3622D122AC9DB640063FAAE /* CheckboxView.swift */,
				D3622D142AC9DB7A0063FAAE /* CustomTaskCell.swift */,
			);
			path = Components;
			sourceTree = "<group>";
		};
		D3622D162AC9DC080063FAAE /* EditTaskModal */ = {
			isa = PBXGroup;
			children = (
				D3622D172AC9DC220063FAAE /* EditTaskModalView.swift */,
				D3622D192AC9DC3D0063FAAE /* EditTaskModalViewController.swift */,
				D3622D1B2AC9DC560063FAAE /* EditTaskModalViewModel.swift */,
			);
			path = EditTaskModal;

			sourceTree = "<group>";
		};
		55ECACC32AC5F8B6002879D1 /* Home */ = {
			isa = PBXGroup;
			children = (
				55ECACCF2AC5F9B6002879D1 /* EdiTaskModal */,
				55ECACC82AC5F90D002879D1 /* Components */,
				55ECACC92AC5F931002879D1 /* HomeView.swift */,
				55ECACCB2AC5F942002879D1 /* HomeViewController.swift */,
				55ECACCD2AC5F94D002879D1 /* HomeViewModel.swift */,
			);
			name = Home;
			sourceTree = "<group>";
		};
		55ECACC82AC5F90D002879D1 /* Components */ = {
			isa = PBXGroup;
			children = (
				55ECACC42AC5F8D2002879D1 /* CheckboxView.swift */,
				55ECACC62AC5F8FD002879D1 /* CustomTaskCell.swift */,
			);
			name = Components;
			sourceTree = "<group>";
		};
		55ECACCF2AC5F9B6002879D1 /* EdiTaskModal */ = {
			isa = PBXGroup;
			children = (
				55ECACD02AC5F9D7002879D1 /* EditTaskModalView.swift */,
				55ECACD22AC5F9EC002879D1 /* EditTaskModalViewController.swift */,
				55ECACD42AC5F9F7002879D1 /* EditTaskModalViewModel.swift */,
			);
			name = EdiTaskModal;
			sourceTree = "<group>";
		};
/* End PBXGroup section */

/* Begin PBXNativeTarget section */
		31B21E772ABE059A0096F1AB /* Mini02-Grupo09 */ = {
			isa = PBXNativeTarget;
			buildConfigurationList = 31B21E8C2ABE059B0096F1AB /* Build configuration list for PBXNativeTarget "Mini02-Grupo09" */;
			buildPhases = (
				31B21E742ABE059A0096F1AB /* Sources */,
				31B21E752ABE059A0096F1AB /* Frameworks */,
				31B21E762ABE059A0096F1AB /* Resources */,
			);
			buildRules = (
			);
			dependencies = (
			);
			name = "Mini02-Grupo09";
			productName = "Mini02-Grupo09";
			productReference = 31B21E782ABE059A0096F1AB /* Mini02-Grupo09.app */;
			productType = "com.apple.product-type.application";
		};
/* End PBXNativeTarget section */

/* Begin PBXProject section */
		31B21E702ABE059A0096F1AB /* Project object */ = {
			isa = PBXProject;
			attributes = {
				BuildIndependentTargetsInParallel = 1;
				LastSwiftUpdateCheck = 1500;
				LastUpgradeCheck = 1500;
				TargetAttributes = {
					31B21E772ABE059A0096F1AB = {
						CreatedOnToolsVersion = 15.0;
					};
				};
			};
			buildConfigurationList = 31B21E732ABE059A0096F1AB /* Build configuration list for PBXProject "Mini02-Grupo09" */;
			compatibilityVersion = "Xcode 14.0";
			developmentRegion = en;
			hasScannedForEncodings = 0;
			knownRegions = (
				en,
				Base,
				"pt-BR",
			);
			mainGroup = 31B21E6F2ABE059A0096F1AB;
			productRefGroup = 31B21E792ABE059A0096F1AB /* Products */;
			projectDirPath = "";
			projectRoot = "";
			targets = (
				31B21E772ABE059A0096F1AB /* Mini02-Grupo09 */,
			);
		};
/* End PBXProject section */

/* Begin PBXResourcesBuildPhase section */
		31B21E762ABE059A0096F1AB /* Resources */ = {
			isa = PBXResourcesBuildPhase;
			buildActionMask = 2147483647;
			files = (
				31B21E882ABE059B0096F1AB /* LaunchScreen.storyboard in Resources */,
				31B21E852ABE059B0096F1AB /* Assets.xcassets in Resources */,
				318640A02ACCDB75007E6B43 /* Localizable.xcstrings in Resources */,
			);
			runOnlyForDeploymentPostprocessing = 0;
		};
/* End PBXResourcesBuildPhase section */

/* Begin PBXSourcesBuildPhase section */
		31B21E742ABE059A0096F1AB /* Sources */ = {
			isa = PBXSourcesBuildPhase;
			buildActionMask = 2147483647;
			files = (

				553BDDAE2AC4C50600CAF483 /* DateLabel.swift in Sources */,



				31D1B8362AC4579200EE0C69 /* AddDogViewVM.swift in Sources */,
				55ECACCA2AC5F931002879D1 /* HomeView.swift in Sources */,
				553BDDA12AC4C3EC00CAF483 /* DayView.swift in Sources */,
				553BDDAA2AC4C4C800CAF483 /* Array+Shift.swift in Sources */,
				55ECACC72AC5F8FD002879D1 /* CustomTaskCell.swift in Sources */,
				55ECACD52AC5F9F7002879D1 /* EditTaskModalViewModel.swift in Sources */,
				31E9E45A2AC222EB00AECCEB /* DogModel.xcdatamodeld in Sources */,
				55ECACC52AC5F8D2002879D1 /* CheckboxView.swift in Sources */,
				31D1B8342AC4578700EE0C69 /* AddDogView.swift in Sources */,
				55ECACCE2AC5F94D002879D1 /* HomeViewModel.swift in Sources */,
				55ECACD12AC5F9D7002879D1 /* EditTaskModalView.swift in Sources */,
				31B21E802ABE059A0096F1AB /* FirstView.swift in Sources */,
				55ECACCC2AC5F942002879D1 /* HomeViewController.swift in Sources */,
				55ECACD32AC5F9EC002879D1 /* EditTaskModalViewController.swift in Sources */,
				31E9E45C2AC2242C00AECCEB /* DogManager.swift in Sources */,

				553BDDB82AC4C5D600CAF483 /* DayHeaderView.swift in Sources */,
				553BDDB22AC4C55400CAF483 /* DaySelector.swift in Sources */,
				553BDDB02AC4C53100CAF483 /* DayDateCell.swift in Sources */,

				D3C5EC0A2AC5E57E004FA716 /* HomeView.swift in Sources */,

			
				553BDDBA2AC4C5FD00CAF483 /* SwipeLabelView.swift in Sources */,
				553BDDA62AC4C45500CAF483 /* UIColor+SystemColors.swift in Sources */,
				553BDD9D2AC4C38900CAF483 /* DayViewState.swift in Sources */,
				553BDDB62AC4C5AE00CAF483 /* DaySymbolsView.swift in Sources */,
				553BDD9F2AC4C3C300CAF483 /* DayViewController.swift in Sources */,
				553BDDB42AC4C58700CAF483 /* DaySelectorController.swift in Sources */,
				553BDDA32AC4C40900CAF483 /* CalendarStyle.swift in Sources */,
				553BDDA82AC4C4A500CAF483 /* Date+DateOnly.swift in Sources */,

				D3622D002AC76B220063FAAE /* AddTaskView.swift in Sources */,
				D3622D1A2AC9DC3D0063FAAE /* EditTaskModalViewController.swift in Sources */,
				D3622D102AC9DB400063FAAE /* HomeViewModel.swift in Sources */,
				D3622D022AC76B2F0063FAAE /* AddTaskViewModel.swift in Sources */,
				D3622D182AC9DC220063FAAE /* EditTaskModalView.swift in Sources */,
				31D1B8362AC4579200EE0C69 /* AddDogViewVM.swift in Sources */,
				D3622D0E2AC9DB2E0063FAAE /* HomeViewController.swift in Sources */,
				D3622D152AC9DB7A0063FAAE /* CustomTaskCell.swift in Sources */,
				31A569092AC4B06400DBBEB1 /* AddDogView.swift in Sources */,
				318640A12ACCDB75007E6B43 /* EnumLocalization.swift in Sources */,
				D3622D062AC8A4F20063FAAE /* iconPicker.swift in Sources */,
				31E9E45A2AC222EB00AECCEB /* AppModel.xcdatamodeld in Sources */,
				318640A72ACCE0AD007E6B43 /* EditTaskView.swift in Sources */,
				318640A92ACCE0AD007E6B43 /* EditTaskViewModel.swift in Sources */,
				31D1B8342AC4578700EE0C69 /* AddDogViewController.swift in Sources */,
				318640A82ACCE0AD007E6B43 /* EditTaskViewController.swift in Sources */,
				31C2C5342AC762F200276D67 /* TasksManager.swift in Sources */,
				31E9E45C2AC2242C00AECCEB /* DogManager.swift in Sources */,
				2E6B49B32ABE266A00DB149B /* ListViewController.swift in Sources */,
				2ECC586E2AC61523009BF6DD /* ListViewModel.swift in Sources */,
				2ECC58642AC4C249009BF6DD /* ListModel.swift in Sources */,
				31B21E7C2ABE059A0096F1AB /* AppDelegate.swift in Sources */,
				31C2C5382AC7667800276D67 /* HapticsManager.swift in Sources */,
				D3622D1C2AC9DC560063FAAE /* EditTaskModalViewModel.swift in Sources */,
				D3622D132AC9DB640063FAAE /* CheckboxView.swift in Sources */,
				2ECC58662AC5A2F7009BF6DD /* CustomCell.swift in Sources */,
				31B21E7E2ABE059A0096F1AB /* SceneDelegate.swift in Sources */,
				D3622D042AC76C2B0063FAAE /* AddTaskViewController.swift in Sources */,

			);
			runOnlyForDeploymentPostprocessing = 0;
		};
/* End PBXSourcesBuildPhase section */

/* Begin PBXVariantGroup section */
		31B21E862ABE059B0096F1AB /* LaunchScreen.storyboard */ = {
			isa = PBXVariantGroup;
			children = (
				31B21E872ABE059B0096F1AB /* Base */,
			);
			name = LaunchScreen.storyboard;
			sourceTree = "<group>";
		};
/* End PBXVariantGroup section */

/* Begin XCBuildConfiguration section */
		31B21E8A2ABE059B0096F1AB /* Debug */ = {
			isa = XCBuildConfiguration;
			buildSettings = {
				ALWAYS_SEARCH_USER_PATHS = NO;
				ASSETCATALOG_COMPILER_GENERATE_SWIFT_ASSET_SYMBOL_EXTENSIONS = YES;
				CLANG_ANALYZER_NONNULL = YES;
				CLANG_ANALYZER_NUMBER_OBJECT_CONVERSION = YES_AGGRESSIVE;
				CLANG_CXX_LANGUAGE_STANDARD = "gnu++20";
				CLANG_ENABLE_MODULES = YES;
				CLANG_ENABLE_OBJC_ARC = YES;
				CLANG_ENABLE_OBJC_WEAK = YES;
				CLANG_WARN_BLOCK_CAPTURE_AUTORELEASING = YES;
				CLANG_WARN_BOOL_CONVERSION = YES;
				CLANG_WARN_COMMA = YES;
				CLANG_WARN_CONSTANT_CONVERSION = YES;
				CLANG_WARN_DEPRECATED_OBJC_IMPLEMENTATIONS = YES;
				CLANG_WARN_DIRECT_OBJC_ISA_USAGE = YES_ERROR;
				CLANG_WARN_DOCUMENTATION_COMMENTS = YES;
				CLANG_WARN_EMPTY_BODY = YES;
				CLANG_WARN_ENUM_CONVERSION = YES;
				CLANG_WARN_INFINITE_RECURSION = YES;
				CLANG_WARN_INT_CONVERSION = YES;
				CLANG_WARN_NON_LITERAL_NULL_CONVERSION = YES;
				CLANG_WARN_OBJC_IMPLICIT_RETAIN_SELF = YES;
				CLANG_WARN_OBJC_LITERAL_CONVERSION = YES;
				CLANG_WARN_OBJC_ROOT_CLASS = YES_ERROR;
				CLANG_WARN_QUOTED_INCLUDE_IN_FRAMEWORK_HEADER = YES;
				CLANG_WARN_RANGE_LOOP_ANALYSIS = YES;
				CLANG_WARN_STRICT_PROTOTYPES = YES;
				CLANG_WARN_SUSPICIOUS_MOVE = YES;
				CLANG_WARN_UNGUARDED_AVAILABILITY = YES_AGGRESSIVE;
				CLANG_WARN_UNREACHABLE_CODE = YES;
				CLANG_WARN__DUPLICATE_METHOD_MATCH = YES;
				COPY_PHASE_STRIP = NO;
				DEBUG_INFORMATION_FORMAT = dwarf;
				ENABLE_STRICT_OBJC_MSGSEND = YES;
				ENABLE_TESTABILITY = YES;
				ENABLE_USER_SCRIPT_SANDBOXING = YES;
				GCC_C_LANGUAGE_STANDARD = gnu17;
				GCC_DYNAMIC_NO_PIC = NO;
				GCC_NO_COMMON_BLOCKS = YES;
				GCC_OPTIMIZATION_LEVEL = 0;
				GCC_PREPROCESSOR_DEFINITIONS = (
					"DEBUG=1",
					"$(inherited)",
				);
				GCC_WARN_64_TO_32_BIT_CONVERSION = YES;
				GCC_WARN_ABOUT_RETURN_TYPE = YES_ERROR;
				GCC_WARN_UNDECLARED_SELECTOR = YES;
				GCC_WARN_UNINITIALIZED_AUTOS = YES_AGGRESSIVE;
				GCC_WARN_UNUSED_FUNCTION = YES;
				GCC_WARN_UNUSED_VARIABLE = YES;
				IPHONEOS_DEPLOYMENT_TARGET = 17.0;
				LOCALIZATION_PREFERS_STRING_CATALOGS = YES;
				MTL_ENABLE_DEBUG_INFO = INCLUDE_SOURCE;
				MTL_FAST_MATH = YES;
				ONLY_ACTIVE_ARCH = YES;
				SDKROOT = iphoneos;
				SWIFT_ACTIVE_COMPILATION_CONDITIONS = "DEBUG $(inherited)";
				SWIFT_OPTIMIZATION_LEVEL = "-Onone";
			};
			name = Debug;
		};
		31B21E8B2ABE059B0096F1AB /* Release */ = {
			isa = XCBuildConfiguration;
			buildSettings = {
				ALWAYS_SEARCH_USER_PATHS = NO;
				ASSETCATALOG_COMPILER_GENERATE_SWIFT_ASSET_SYMBOL_EXTENSIONS = YES;
				CLANG_ANALYZER_NONNULL = YES;
				CLANG_ANALYZER_NUMBER_OBJECT_CONVERSION = YES_AGGRESSIVE;
				CLANG_CXX_LANGUAGE_STANDARD = "gnu++20";
				CLANG_ENABLE_MODULES = YES;
				CLANG_ENABLE_OBJC_ARC = YES;
				CLANG_ENABLE_OBJC_WEAK = YES;
				CLANG_WARN_BLOCK_CAPTURE_AUTORELEASING = YES;
				CLANG_WARN_BOOL_CONVERSION = YES;
				CLANG_WARN_COMMA = YES;
				CLANG_WARN_CONSTANT_CONVERSION = YES;
				CLANG_WARN_DEPRECATED_OBJC_IMPLEMENTATIONS = YES;
				CLANG_WARN_DIRECT_OBJC_ISA_USAGE = YES_ERROR;
				CLANG_WARN_DOCUMENTATION_COMMENTS = YES;
				CLANG_WARN_EMPTY_BODY = YES;
				CLANG_WARN_ENUM_CONVERSION = YES;
				CLANG_WARN_INFINITE_RECURSION = YES;
				CLANG_WARN_INT_CONVERSION = YES;
				CLANG_WARN_NON_LITERAL_NULL_CONVERSION = YES;
				CLANG_WARN_OBJC_IMPLICIT_RETAIN_SELF = YES;
				CLANG_WARN_OBJC_LITERAL_CONVERSION = YES;
				CLANG_WARN_OBJC_ROOT_CLASS = YES_ERROR;
				CLANG_WARN_QUOTED_INCLUDE_IN_FRAMEWORK_HEADER = YES;
				CLANG_WARN_RANGE_LOOP_ANALYSIS = YES;
				CLANG_WARN_STRICT_PROTOTYPES = YES;
				CLANG_WARN_SUSPICIOUS_MOVE = YES;
				CLANG_WARN_UNGUARDED_AVAILABILITY = YES_AGGRESSIVE;
				CLANG_WARN_UNREACHABLE_CODE = YES;
				CLANG_WARN__DUPLICATE_METHOD_MATCH = YES;
				COPY_PHASE_STRIP = NO;
				DEBUG_INFORMATION_FORMAT = "dwarf-with-dsym";
				ENABLE_NS_ASSERTIONS = NO;
				ENABLE_STRICT_OBJC_MSGSEND = YES;
				ENABLE_USER_SCRIPT_SANDBOXING = YES;
				GCC_C_LANGUAGE_STANDARD = gnu17;
				GCC_NO_COMMON_BLOCKS = YES;
				GCC_WARN_64_TO_32_BIT_CONVERSION = YES;
				GCC_WARN_ABOUT_RETURN_TYPE = YES_ERROR;
				GCC_WARN_UNDECLARED_SELECTOR = YES;
				GCC_WARN_UNINITIALIZED_AUTOS = YES_AGGRESSIVE;
				GCC_WARN_UNUSED_FUNCTION = YES;
				GCC_WARN_UNUSED_VARIABLE = YES;
				IPHONEOS_DEPLOYMENT_TARGET = 17.0;
				LOCALIZATION_PREFERS_STRING_CATALOGS = YES;
				MTL_ENABLE_DEBUG_INFO = NO;
				MTL_FAST_MATH = YES;
				SDKROOT = iphoneos;
				SWIFT_COMPILATION_MODE = wholemodule;
				VALIDATE_PRODUCT = YES;
			};
			name = Release;
		};
		31B21E8D2ABE059B0096F1AB /* Debug */ = {
			isa = XCBuildConfiguration;
			buildSettings = {
				ASSETCATALOG_COMPILER_APPICON_NAME = AppIcon;
				ASSETCATALOG_COMPILER_GLOBAL_ACCENT_COLOR_NAME = AccentColor;
				CODE_SIGN_STYLE = Automatic;
				CURRENT_PROJECT_VERSION = 1;
				DEVELOPMENT_TEAM = HX623XK8T6;
				GENERATE_INFOPLIST_FILE = YES;
				INFOPLIST_FILE = "Mini02-Grupo09/Info.plist";
				INFOPLIST_KEY_UIApplicationSupportsIndirectInputEvents = YES;
				INFOPLIST_KEY_UILaunchStoryboardName = LaunchScreen;
				INFOPLIST_KEY_UISupportedInterfaceOrientations_iPad = "UIInterfaceOrientationPortrait UIInterfaceOrientationPortraitUpsideDown UIInterfaceOrientationLandscapeLeft UIInterfaceOrientationLandscapeRight";
				INFOPLIST_KEY_UISupportedInterfaceOrientations_iPhone = "UIInterfaceOrientationPortrait UIInterfaceOrientationLandscapeLeft UIInterfaceOrientationLandscapeRight";
				LD_RUNPATH_SEARCH_PATHS = (
					"$(inherited)",
					"@executable_path/Frameworks",
				);
				MARKETING_VERSION = 1.0;
				PRODUCT_BUNDLE_IDENTIFIER = "Enrique.Mini02-Grupo09";
				PRODUCT_NAME = "$(TARGET_NAME)";
				SWIFT_EMIT_LOC_STRINGS = YES;
				SWIFT_VERSION = 5.0;
				TARGETED_DEVICE_FAMILY = "1,2";
			};
			name = Debug;
		};
		31B21E8E2ABE059B0096F1AB /* Release */ = {
			isa = XCBuildConfiguration;
			buildSettings = {
				ASSETCATALOG_COMPILER_APPICON_NAME = AppIcon;
				ASSETCATALOG_COMPILER_GLOBAL_ACCENT_COLOR_NAME = AccentColor;
				CODE_SIGN_STYLE = Automatic;
				CURRENT_PROJECT_VERSION = 1;
				DEVELOPMENT_TEAM = HX623XK8T6;
				GENERATE_INFOPLIST_FILE = YES;
				INFOPLIST_FILE = "Mini02-Grupo09/Info.plist";
				INFOPLIST_KEY_UIApplicationSupportsIndirectInputEvents = YES;
				INFOPLIST_KEY_UILaunchStoryboardName = LaunchScreen;
				INFOPLIST_KEY_UISupportedInterfaceOrientations_iPad = "UIInterfaceOrientationPortrait UIInterfaceOrientationPortraitUpsideDown UIInterfaceOrientationLandscapeLeft UIInterfaceOrientationLandscapeRight";
				INFOPLIST_KEY_UISupportedInterfaceOrientations_iPhone = "UIInterfaceOrientationPortrait UIInterfaceOrientationLandscapeLeft UIInterfaceOrientationLandscapeRight";
				LD_RUNPATH_SEARCH_PATHS = (
					"$(inherited)",
					"@executable_path/Frameworks",
				);
				MARKETING_VERSION = 1.0;
				PRODUCT_BUNDLE_IDENTIFIER = "Enrique.Mini02-Grupo09";
				PRODUCT_NAME = "$(TARGET_NAME)";
				SWIFT_EMIT_LOC_STRINGS = YES;
				SWIFT_VERSION = 5.0;
				TARGETED_DEVICE_FAMILY = "1,2";
			};
			name = Release;
		};
/* End XCBuildConfiguration section */

/* Begin XCConfigurationList section */
		31B21E732ABE059A0096F1AB /* Build configuration list for PBXProject "Mini02-Grupo09" */ = {
			isa = XCConfigurationList;
			buildConfigurations = (
				31B21E8A2ABE059B0096F1AB /* Debug */,
				31B21E8B2ABE059B0096F1AB /* Release */,
			);
			defaultConfigurationIsVisible = 0;
			defaultConfigurationName = Release;
		};
		31B21E8C2ABE059B0096F1AB /* Build configuration list for PBXNativeTarget "Mini02-Grupo09" */ = {
			isa = XCConfigurationList;
			buildConfigurations = (
				31B21E8D2ABE059B0096F1AB /* Debug */,
				31B21E8E2ABE059B0096F1AB /* Release */,
			);
			defaultConfigurationIsVisible = 0;
			defaultConfigurationName = Release;
		};
/* End XCConfigurationList section */

/* Begin XCVersionGroup section */
		31E9E4582AC222EB00AECCEB /* AppModel.xcdatamodeld */ = {
			isa = XCVersionGroup;
			children = (
				31E9E4592AC222EB00AECCEB /* DogModel.xcdatamodel */,
			);
			currentVersion = 31E9E4592AC222EB00AECCEB /* DogModel.xcdatamodel */;
			path = AppModel.xcdatamodeld;
			sourceTree = "<group>";
			versionGroupType = wrapper.xcdatamodel;
		};
/* End XCVersionGroup section */
	};
	rootObject = 31B21E702ABE059A0096F1AB /* Project object */;
}
